
Microsoft Visual Studio Solution File, Format Version 12.00
# Visual Studio Version 17
VisualStudioVersion = 17.2.32602.215
MinimumVisualStudioVersion = 10.0.40219.1
Project("{FAE04EC0-301F-11D3-BF4B-00C04F79EFBC}") = "CinemaTicketSalesAutomation", "CinemaTicketSalesAutomation\CinemaTicketSalesAutomation.csproj", "{737B4BFE-650F-420F-976C-1E88BED1739B}"
EndProject
Global
	GlobalSection(SolutionConfigurationPlatforms) = preSolution
		Debug|Any CPU = Debug|Any CPU
		Release|Any CPU = Release|Any CPU
	EndGlobalSection
	GlobalSection(ProjectConfigurationPlatforms) = postSolution
		{737B4BFE-650F-420F-976C-1E88BED1739B}.Debug|Any CPU.ActiveCfg = Debug|Any CPU
		{737B4BFE-650F-420F-976C-1E88BED1739B}.Debug|Any CPU.Build.0 = Debug|Any CPU
		{737B4BFE-650F-420F-976C-1E88BED1739B}.Release|Any CPU.ActiveCfg = Release|Any CPU
		{737B4BFE-650F-420F-976C-1E88BED1739B}.Release|Any CPU.Build.0 = Release|Any CPU
	EndGlobalSection
	GlobalSection(SolutionProperties) = preSolution
		HideSolutionNode = FALSE
	EndGlobalSection
	GlobalSection(ExtensibilityGlobals) = postSolution
		SolutionGuid = {8BC7BB94-183E-4542-83EE-2AD45FE65548}
	EndGlobalSection
EndGlobal
